
Microsoft Visual Studio Solution File, Format Version 12.00
Project("{FAE04EC0-301F-11D3-BF4B-00C04F79EFBC}") = "SmasKunovice.Avalonia", "SmasKunovice.Avalonia\SmasKunovice.Avalonia.csproj", "{29F58796-674D-4569-9F24-7033922F79E7}"
EndProject
Project("{FAE04EC0-301F-11D3-BF4B-00C04F79EFBC}") = "SmasKunovice.Avalonia.Tests", "SmasKunovice.Avalonia.Tests\SmasKunovice.Avalonia.Tests.csproj", "{1048A2C5-8279-4952-BE89-C2A6B8F37C45}"
EndProject
Global
	GlobalSection(SolutionConfigurationPlatforms) = preSolution
		Debug|Any CPU = Debug|Any CPU
		Release|Any CPU = Release|Any CPU
	EndGlobalSection
	GlobalSection(ProjectConfigurationPlatforms) = postSolution
		{29F58796-674D-4569-9F24-7033922F79E7}.Debug|Any CPU.ActiveCfg = Debug|Any CPU
		{29F58796-674D-4569-9F24-7033922F79E7}.Debug|Any CPU.Build.0 = Debug|Any CPU
		{29F58796-674D-4569-9F24-7033922F79E7}.Release|Any CPU.ActiveCfg = Release|Any CPU
		{29F58796-674D-4569-9F24-7033922F79E7}.Release|Any CPU.Build.0 = Release|Any CPU
		{1048A2C5-8279-4952-BE89-C2A6B8F37C45}.Debug|Any CPU.ActiveCfg = Debug|Any CPU
		{1048A2C5-8279-4952-BE89-C2A6B8F37C45}.Debug|Any CPU.Build.0 = Debug|Any CPU
		{1048A2C5-8279-4952-BE89-C2A6B8F37C45}.Release|Any CPU.ActiveCfg = Release|Any CPU
		{1048A2C5-8279-4952-BE89-C2A6B8F37C45}.Release|Any CPU.Build.0 = Release|Any CPU
	EndGlobalSection
EndGlobal
